
Microsoft Visual Studio Solution File, Format Version 12.00
# Visual Studio Version 16
VisualStudioVersion = 25.0.1706.5
MinimumVisualStudioVersion = 10.0.40219.1
Project("{FAE04EC0-301F-11D3-BF4B-00C04F79EFBC}") = "codewars-practice", "codewars-practice\codewars-practice.csproj", "{63089971-9523-41B2-BC65-0F31435CA49C}"
EndProject
Project("{2150E333-8FDC-42A3-9474-1A3956D46DE8}") = "Solution Items", "Solution Items", "{F4E72CE6-A78C-4CCB-B87F-D852C53EC759}"
	ProjectSection(SolutionItems) = preProject
		.editorconfig = .editorconfig
	EndProjectSection
EndProject
Global
	GlobalSection(SolutionConfigurationPlatforms) = preSolution
		Debug|Any CPU = Debug|Any CPU
		Release|Any CPU = Release|Any CPU
	EndGlobalSection
	GlobalSection(ProjectConfigurationPlatforms) = postSolution
		{63089971-9523-41B2-BC65-0F31435CA49C}.Debug|Any CPU.ActiveCfg = Debug|Any CPU
		{63089971-9523-41B2-BC65-0F31435CA49C}.Debug|Any CPU.Build.0 = Debug|Any CPU
		{63089971-9523-41B2-BC65-0F31435CA49C}.Release|Any CPU.ActiveCfg = Release|Any CPU
		{63089971-9523-41B2-BC65-0F31435CA49C}.Release|Any CPU.Build.0 = Release|Any CPU
	EndGlobalSection
	GlobalSection(SolutionProperties) = preSolution
		HideSolutionNode = FALSE
	EndGlobalSection
	GlobalSection(ExtensibilityGlobals) = postSolution
		SolutionGuid = {35250717-FB81-43FF-BC6F-5F1422B7516A}
	EndGlobalSection
EndGlobal
